// !$*UTF8*$!
{
	archiveVersion = 1;
	classes = {
	};
	objectVersion = 56;
	objects = {

/* Begin PBXBuildFile section */
		674DDF1A2C25A3A40000E30D /* AppDelegate.swift in Sources */ = {isa = PBXBuildFile; fileRef = 674DDF192C25A3A40000E30D /* AppDelegate.swift */; };
		674DDF1C2C25A3A40000E30D /* SceneDelegate.swift in Sources */ = {isa = PBXBuildFile; fileRef = 674DDF1B2C25A3A40000E30D /* SceneDelegate.swift */; };
		674DDF1E2C25A3A40000E30D /* MainPage.swift in Sources */ = {isa = PBXBuildFile; fileRef = 674DDF1D2C25A3A40000E30D /* MainPage.swift */; };
		674DDF212C25A3A40000E30D /* Main.storyboard in Resources */ = {isa = PBXBuildFile; fileRef = 674DDF1F2C25A3A40000E30D /* Main.storyboard */; };
		674DDF232C25A3A60000E30D /* Assets.xcassets in Resources */ = {isa = PBXBuildFile; fileRef = 674DDF222C25A3A60000E30D /* Assets.xcassets */; };
		674DDF262C25A3A60000E30D /* LaunchScreen.storyboard in Resources */ = {isa = PBXBuildFile; fileRef = 674DDF242C25A3A60000E30D /* LaunchScreen.storyboard */; };
		674DDF2E2C25CF170000E30D /* Landmarks.swift in Sources */ = {isa = PBXBuildFile; fileRef = 674DDF2D2C25CF170000E30D /* Landmarks.swift */; };
		674DDF302C25D2B70000E30D /* DetailPage.swift in Sources */ = {isa = PBXBuildFile; fileRef = 674DDF2F2C25D2B70000E30D /* DetailPage.swift */; };
/* End PBXBuildFile section */

/* Begin PBXFileReference section */
		674DDF162C25A3A40000E30D /* LandmarkBook.app */ = {isa = PBXFileReference; explicitFileType = wrapper.application; includeInIndex = 0; path = LandmarkBook.app; sourceTree = BUILT_PRODUCTS_DIR; };
		674DDF192C25A3A40000E30D /* AppDelegate.swift */ = {isa = PBXFileReference; lastKnownFileType = sourcecode.swift; path = AppDelegate.swift; sourceTree = "<group>"; };
		674DDF1B2C25A3A40000E30D /* SceneDelegate.swift */ = {isa = PBXFileReference; lastKnownFileType = sourcecode.swift; path = SceneDelegate.swift; sourceTree = "<group>"; };
		674DDF1D2C25A3A40000E30D /* MainPage.swift */ = {isa = PBXFileReference; lastKnownFileType = sourcecode.swift; path = MainPage.swift; sourceTree = "<group>"; };
		674DDF202C25A3A40000E30D /* Base */ = {isa = PBXFileReference; lastKnownFileType = file.storyboard; name = Base; path = Base.lproj/Main.storyboard; sourceTree = "<group>"; };
		674DDF222C25A3A60000E30D /* Assets.xcassets */ = {isa = PBXFileReference; lastKnownFileType = folder.assetcatalog; path = Assets.xcassets; sourceTree = "<group>"; };
		674DDF252C25A3A60000E30D /* Base */ = {isa = PBXFileReference; lastKnownFileType = file.storyboard; name = Base; path = Base.lproj/LaunchScreen.storyboard; sourceTree = "<group>"; };
		674DDF272C25A3A60000E30D /* Info.plist */ = {isa = PBXFileReference; lastKnownFileType = text.plist.xml; path = Info.plist; sourceTree = "<group>"; };
		674DDF2D2C25CF170000E30D /* Landmarks.swift */ = {isa = PBXFileReference; lastKnownFileType = sourcecode.swift; path = Landmarks.swift; sourceTree = "<group>"; };
		674DDF2F2C25D2B70000E30D /* DetailPage.swift */ = {isa = PBXFileReference; lastKnownFileType = sourcecode.swift; path = DetailPage.swift; sourceTree = "<group>"; };
/* End PBXFileReference section */

/* Begin PBXFrameworksBuildPhase section */
		674DDF132C25A3A40000E30D /* Frameworks */ = {
			isa = PBXFrameworksBuildPhase;
			buildActionMask = 2147483647;
			files = (
			);
			runOnlyForDeploymentPostprocessing = 0;
		};
/* End PBXFrameworksBuildPhase section */

/* Begin PBXGroup section */
		674DDF0D2C25A3A40000E30D = {
			isa = PBXGroup;
			children = (
				674DDF182C25A3A40000E30D /* LandmarkBook */,
				674DDF172C25A3A40000E30D /* Products */,
			);
			sourceTree = "<group>";
		};
		674DDF172C25A3A40000E30D /* Products */ = {
			isa = PBXGroup;
			children = (
				674DDF162C25A3A40000E30D /* LandmarkBook.app */,
			);
			name = Products;
			sourceTree = "<group>";
		};
		674DDF182C25A3A40000E30D /* LandmarkBook */ = {
			isa = PBXGroup;
			children = (
				674DDF192C25A3A40000E30D /* AppDelegate.swift */,
				674DDF1B2C25A3A40000E30D /* SceneDelegate.swift */,
				674DDF1D2C25A3A40000E30D /* MainPage.swift */,
				674DDF2F2C25D2B70000E30D /* DetailPage.swift */,
				674DDF2D2C25CF170000E30D /* Landmarks.swift */,
				674DDF1F2C25A3A40000E30D /* Main.storyboard */,
				674DDF222C25A3A60000E30D /* Assets.xcassets */,
				674DDF242C25A3A60000E30D /* LaunchScreen.storyboard */,
				674DDF272C25A3A60000E30D /* Info.plist */,
			);
			path = LandmarkBook;
			sourceTree = "<group>";
		};
/* End PBXGroup section */

/* Begin PBXNativeTarget section */
		674DDF152C25A3A40000E30D /* LandmarkBook */ = {
			isa = PBXNativeTarget;
			buildConfigurationList = 674DDF2A2C25A3A60000E30D /* Build configuration list for PBXNativeTarget "LandmarkBook" */;
			buildPhases = (
				674DDF122C25A3A40000E30D /* Sources */,
				674DDF132C25A3A40000E30D /* Frameworks */,
				674DDF142C25A3A40000E30D /* Resources */,
			);
			buildRules = (
			);
			dependencies = (
			);
			name = LandmarkBook;
			productName = LandmarkBook;
			productReference = 674DDF162C25A3A40000E30D /* LandmarkBook.app */;
			productType = "com.apple.product-type.application";
		};
/* End PBXNativeTarget section */

/* Begin PBXProject section */
		674DDF0E2C25A3A40000E30D /* Project object */ = {
			isa = PBXProject;
			attributes = {
				BuildIndependentTargetsInParallel = 1;
				LastSwiftUpdateCheck = 1510;
				LastUpgradeCheck = 1510;
				TargetAttributes = {
					674DDF152C25A3A40000E30D = {
						CreatedOnToolsVersion = 15.1;
					};
				};
			};
			buildConfigurationList = 674DDF112C25A3A40000E30D /* Build configuration list for PBXProject "LandmarkBook" */;
			compatibilityVersion = "Xcode 14.0";
			developmentRegion = en;
			hasScannedForEncodings = 0;
			knownRegions = (
				en,
				Base,
			);
			mainGroup = 674DDF0D2C25A3A40000E30D;
			productRefGroup = 674DDF172C25A3A40000E30D /* Products */;
			projectDirPath = "";
			projectRoot = "";
			targets = (
				674DDF152C25A3A40000E30D /* LandmarkBook */,
			);
		};
/* End PBXProject section */

/* Begin PBXResourcesBuildPhase section */
		674DDF142C25A3A40000E30D /* Resources */ = {
			isa = PBXResourcesBuildPhase;
			buildActionMask = 2147483647;
			files = (
				674DDF262C25A3A60000E30D /* LaunchScreen.storyboard in Resources */,
				674DDF232C25A3A60000E30D /* Assets.xcassets in Resources */,
				674DDF212C25A3A40000E30D /* Main.storyboard in Resources */,
			);
			runOnlyForDeploymentPostprocessing = 0;
		};
/* End PBXResourcesBuildPhase section */

/* Begin PBXSourcesBuildPhase section */
		674DDF122C25A3A40000E30D /* Sources */ = {
			isa = PBXSourcesBuildPhase;
			buildActionMask = 2147483647;
			files = (
				674DDF1E2C25A3A40000E30D /* MainPage.swift in Sources */,
				674DDF1A2C25A3A40000E30D /* AppDelegate.swift in Sources */,
				674DDF1C2C25A3A40000E30D /* SceneDelegate.swift in Sources */,
				674DDF302C25D2B70000E30D /* DetailPage.swift in Sources */,
				674DDF2E2C25CF170000E30D /* Landmarks.swift in Sources */,
			);
			runOnlyForDeploymentPostprocessing = 0;
		};
/* End PBXSourcesBuildPhase section */

/* Begin PBXVariantGroup section */
		674DDF1F2C25A3A40000E30D /* Main.storyboard */ = {
			isa = PBXVariantGroup;
			children = (
				674DDF202C25A3A40000E30D /* Base */,
			);
			name = Main.storyboard;
			sourceTree = "<group>";
		};
		674DDF242C25A3A60000E30D /* LaunchScreen.storyboard */ = {
			isa = PBXVariantGroup;
			children = (
				674DDF252C25A3A60000E30D /* Base */,
			);
			name = LaunchScreen.storyboard;
			sourceTree = "<group>";
		};
/* End PBXVariantGroup section */

/* Begin XCBuildConfiguration section */
		674DDF282C25A3A60000E30D /* Debug */ = {
			isa = XCBuildConfiguration;
			buildSettings = {
				ALWAYS_SEARCH_USER_PATHS = NO;
				ASSETCATALOG_COMPILER_GENERATE_SWIFT_ASSET_SYMBOL_EXTENSIONS = YES;
				CLANG_ANALYZER_NONNULL = YES;
				CLANG_ANALYZER_NUMBER_OBJECT_CONVERSION = YES_AGGRESSIVE;
				CLANG_CXX_LANGUAGE_STANDARD = "gnu++20";
				CLANG_ENABLE_MODULES = YES;
				CLANG_ENABLE_OBJC_ARC = YES;
				CLANG_ENABLE_OBJC_WEAK = YES;
				CLANG_WARN_BLOCK_CAPTURE_AUTORELEASING = YES;
				CLANG_WARN_BOOL_CONVERSION = YES;
				CLANG_WARN_COMMA = YES;
				CLANG_WARN_CONSTANT_CONVERSION = YES;
				CLANG_WARN_DEPRECATED_OBJC_IMPLEMENTATIONS = YES;
				CLANG_WARN_DIRECT_OBJC_ISA_USAGE = YES_ERROR;
				CLANG_WARN_DOCUMENTATION_COMMENTS = YES;
				CLANG_WARN_EMPTY_BODY = YES;
				CLANG_WARN_ENUM_CONVERSION = YES;
				CLANG_WARN_INFINITE_RECURSION = YES;
				CLANG_WARN_INT_CONVERSION = YES;
				CLANG_WARN_NON_LITERAL_NULL_CONVERSION = YES;
				CLANG_WARN_OBJC_IMPLICIT_RETAIN_SELF = YES;
				CLANG_WARN_OBJC_LITERAL_CONVERSION = YES;
				CLANG_WARN_OBJC_ROOT_CLASS = YES_ERROR;
				CLANG_WARN_QUOTED_INCLUDE_IN_FRAMEWORK_HEADER = YES;
				CLANG_WARN_RANGE_LOOP_ANALYSIS = YES;
				CLANG_WARN_STRICT_PROTOTYPES = YES;
				CLANG_WARN_SUSPICIOUS_MOVE = YES;
				CLANG_WARN_UNGUARDED_AVAILABILITY = YES_AGGRESSIVE;
				CLANG_WARN_UNREACHABLE_CODE = YES;
				CLANG_WARN__DUPLICATE_METHOD_MATCH = YES;
				COPY_PHASE_STRIP = NO;
				DEBUG_INFORMATION_FORMAT = dwarf;
				ENABLE_STRICT_OBJC_MSGSEND = YES;
				ENABLE_TESTABILITY = YES;
				ENABLE_USER_SCRIPT_SANDBOXING = YES;
				GCC_C_LANGUAGE_STANDARD = gnu17;
				GCC_DYNAMIC_NO_PIC = NO;
				GCC_NO_COMMON_BLOCKS = YES;
				GCC_OPTIMIZATION_LEVEL = 0;
				GCC_PREPROCESSOR_DEFINITIONS = (
					"DEBUG=1",
					"$(inherited)",
				);
				GCC_WARN_64_TO_32_BIT_CONVERSION = YES;
				GCC_WARN_ABOUT_RETURN_TYPE = YES_ERROR;
				GCC_WARN_UNDECLARED_SELECTOR = YES;
				GCC_WARN_UNINITIALIZED_AUTOS = YES_AGGRESSIVE;
				GCC_WARN_UNUSED_FUNCTION = YES;
				GCC_WARN_UNUSED_VARIABLE = YES;
				IPHONEOS_DEPLOYMENT_TARGET = 17.2;
				LOCALIZATION_PREFERS_STRING_CATALOGS = YES;
				MTL_ENABLE_DEBUG_INFO = INCLUDE_SOURCE;
				MTL_FAST_MATH = YES;
				ONLY_ACTIVE_ARCH = YES;
				SDKROOT = iphoneos;
				SWIFT_ACTIVE_COMPILATION_CONDITIONS = "DEBUG $(inherited)";
				SWIFT_OPTIMIZATION_LEVEL = "-Onone";
			};
			name = Debug;
		};
		674DDF292C25A3A60000E30D /* Release */ = {
			isa = XCBuildConfiguration;
			buildSettings = {
				ALWAYS_SEARCH_USER_PATHS = NO;
				ASSETCATALOG_COMPILER_GENERATE_SWIFT_ASSET_SYMBOL_EXTENSIONS = YES;
				CLANG_ANALYZER_NONNULL = YES;
				CLANG_ANALYZER_NUMBER_OBJECT_CONVERSION = YES_AGGRESSIVE;
				CLANG_CXX_LANGUAGE_STANDARD = "gnu++20";
				CLANG_ENABLE_MODULES = YES;
				CLANG_ENABLE_OBJC_ARC = YES;
				CLANG_ENABLE_OBJC_WEAK = YES;
				CLANG_WARN_BLOCK_CAPTURE_AUTORELEASING = YES;
				CLANG_WARN_BOOL_CONVERSION = YES;
				CLANG_WARN_COMMA = YES;
				CLANG_WARN_CONSTANT_CONVERSION = YES;
				CLANG_WARN_DEPRECATED_OBJC_IMPLEMENTATIONS = YES;
				CLANG_WARN_DIRECT_OBJC_ISA_USAGE = YES_ERROR;
				CLANG_WARN_DOCUMENTATION_COMMENTS = YES;
				CLANG_WARN_EMPTY_BODY = YES;
				CLANG_WARN_ENUM_CONVERSION = YES;
				CLANG_WARN_INFINITE_RECURSION = YES;
				CLANG_WARN_INT_CONVERSION = YES;
				CLANG_WARN_NON_LITERAL_NULL_CONVERSION = YES;
				CLANG_WARN_OBJC_IMPLICIT_RETAIN_SELF = YES;
				CLANG_WARN_OBJC_LITERAL_CONVERSION = YES;
				CLANG_WARN_OBJC_ROOT_CLASS = YES_ERROR;
				CLANG_WARN_QUOTED_INCLUDE_IN_FRAMEWORK_HEADER = YES;
				CLANG_WARN_RANGE_LOOP_ANALYSIS = YES;
				CLANG_WARN_STRICT_PROTOTYPES = YES;
				CLANG_WARN_SUSPICIOUS_MOVE = YES;
				CLANG_WARN_UNGUARDED_AVAILABILITY = YES_AGGRESSIVE;
				CLANG_WARN_UNREACHABLE_CODE = YES;
				CLANG_WARN__DUPLICATE_METHOD_MATCH = YES;
				COPY_PHASE_STRIP = NO;
				DEBUG_INFORMATION_FORMAT = "dwarf-with-dsym";
				ENABLE_NS_ASSERTIONS = NO;
				ENABLE_STRICT_OBJC_MSGSEND = YES;
				ENABLE_USER_SCRIPT_SANDBOXING = YES;
				GCC_C_LANGUAGE_STANDARD = gnu17;
				GCC_NO_COMMON_BLOCKS = YES;
				GCC_WARN_64_TO_32_BIT_CONVERSION = YES;
				GCC_WARN_ABOUT_RETURN_TYPE = YES_ERROR;
				GCC_WARN_UNDECLARED_SELECTOR = YES;
				GCC_WARN_UNINITIALIZED_AUTOS = YES_AGGRESSIVE;
				GCC_WARN_UNUSED_FUNCTION = YES;
				GCC_WARN_UNUSED_VARIABLE = YES;
				IPHONEOS_DEPLOYMENT_TARGET = 17.2;
				LOCALIZATION_PREFERS_STRING_CATALOGS = YES;
				MTL_ENABLE_DEBUG_INFO = NO;
				MTL_FAST_MATH = YES;
				SDKROOT = iphoneos;
				SWIFT_COMPILATION_MODE = wholemodule;
				VALIDATE_PRODUCT = YES;
			};
			name = Release;
		};
		674DDF2B2C25A3A60000E30D /* Debug */ = {
			isa = XCBuildConfiguration;
			buildSettings = {
				ASSETCATALOG_COMPILER_APPICON_NAME = AppIcon;
				ASSETCATALOG_COMPILER_GLOBAL_ACCENT_COLOR_NAME = AccentColor;
				CODE_SIGN_STYLE = Automatic;
				CURRENT_PROJECT_VERSION = 1;
				GENERATE_INFOPLIST_FILE = YES;
				INFOPLIST_FILE = LandmarkBook/Info.plist;
				INFOPLIST_KEY_UIApplicationSupportsIndirectInputEvents = YES;
				INFOPLIST_KEY_UILaunchStoryboardName = LaunchScreen;
				INFOPLIST_KEY_UIMainStoryboardFile = Main;
				INFOPLIST_KEY_UISupportedInterfaceOrientations_iPad = "UIInterfaceOrientationPortrait UIInterfaceOrientationPortraitUpsideDown UIInterfaceOrientationLandscapeLeft UIInterfaceOrientationLandscapeRight";
				INFOPLIST_KEY_UISupportedInterfaceOrientations_iPhone = "UIInterfaceOrientationPortrait UIInterfaceOrientationLandscapeLeft UIInterfaceOrientationLandscapeRight";
				LD_RUNPATH_SEARCH_PATHS = (
					"$(inherited)",
					"@executable_path/Frameworks",
				);
				MARKETING_VERSION = 1.0;
				PRODUCT_BUNDLE_IDENTIFIER = safakselimsofioglu.LandmarkBook;
				PRODUCT_NAME = "$(TARGET_NAME)";
				SWIFT_EMIT_LOC_STRINGS = YES;
				SWIFT_VERSION = 5.0;
				TARGETED_DEVICE_FAMILY = "1,2";
			};
			name = Debug;
		};
		674DDF2C2C25A3A60000E30D /* Release */ = {
			isa = XCBuildConfiguration;
			buildSettings = {
				ASSETCATALOG_COMPILER_APPICON_NAME = AppIcon;
				ASSETCATALOG_COMPILER_GLOBAL_ACCENT_COLOR_NAME = AccentColor;
				CODE_SIGN_STYLE = Automatic;
				CURRENT_PROJECT_VERSION = 1;
				GENERATE_INFOPLIST_FILE = YES;
				INFOPLIST_FILE = LandmarkBook/Info.plist;
				INFOPLIST_KEY_UIApplicationSupportsIndirectInputEvents = YES;
				INFOPLIST_KEY_UILaunchStoryboardName = LaunchScreen;
				INFOPLIST_KEY_UIMainStoryboardFile = Main;
				INFOPLIST_KEY_UISupportedInterfaceOrientations_iPad = "UIInterfaceOrientationPortrait UIInterfaceOrientationPortraitUpsideDown UIInterfaceOrientationLandscapeLeft UIInterfaceOrientationLandscapeRight";
				INFOPLIST_KEY_UISupportedInterfaceOrientations_iPhone = "UIInterfaceOrientationPortrait UIInterfaceOrientationLandscapeLeft UIInterfaceOrientationLandscapeRight";
				LD_RUNPATH_SEARCH_PATHS = (
					"$(inherited)",
					"@executable_path/Frameworks",
				);
				MARKETING_VERSION = 1.0;
				PRODUCT_BUNDLE_IDENTIFIER = safakselimsofioglu.LandmarkBook;
				PRODUCT_NAME = "$(TARGET_NAME)";
				SWIFT_EMIT_LOC_STRINGS = YES;
				SWIFT_VERSION = 5.0;
				TARGETED_DEVICE_FAMILY = "1,2";
			};
			name = Release;
		};
/* End XCBuildConfiguration section */

/* Begin XCConfigurationList section */
		674DDF112C25A3A40000E30D /* Build configuration list for PBXProject "LandmarkBook" */ = {
			isa = XCConfigurationList;
			buildConfigurations = (
				674DDF282C25A3A60000E30D /* Debug */,
				674DDF292C25A3A60000E30D /* Release */,
			);
			defaultConfigurationIsVisible = 0;
			defaultConfigurationName = Release;
		};
		674DDF2A2C25A3A60000E30D /* Build configuration list for PBXNativeTarget "LandmarkBook" */ = {
			isa = XCConfigurationList;
			buildConfigurations = (
				674DDF2B2C25A3A60000E30D /* Debug */,
				674DDF2C2C25A3A60000E30D /* Release */,
			);
			defaultConfigurationIsVisible = 0;
			defaultConfigurationName = Release;
		};
/* End XCConfigurationList section */
	};
	rootObject = 674DDF0E2C25A3A40000E30D /* Project object */;
}
